
Microsoft Visual Studio Solution File, Format Version 12.00
# Visual Studio Version 16
VisualStudioVersion = 16.0.31112.23
MinimumVisualStudioVersion = 10.0.40219.1
Project("{FAE04EC0-301F-11D3-BF4B-00C04F79EFBC}") = "Ivanov_Homework_4.2", "Ivanov_Homework_4.2\Ivanov_Homework_4.2.csproj", "{5F5620ED-DF98-4B62-B3F8-D5074223CE25}"
EndProject
Global
	GlobalSection(SolutionConfigurationPlatforms) = preSolution
		Debug|Any CPU = Debug|Any CPU
		Release|Any CPU = Release|Any CPU
	EndGlobalSection
	GlobalSection(ProjectConfigurationPlatforms) = postSolution
		{5F5620ED-DF98-4B62-B3F8-D5074223CE25}.Debug|Any CPU.ActiveCfg = Debug|Any CPU
		{5F5620ED-DF98-4B62-B3F8-D5074223CE25}.Debug|Any CPU.Build.0 = Debug|Any CPU
		{5F5620ED-DF98-4B62-B3F8-D5074223CE25}.Release|Any CPU.ActiveCfg = Release|Any CPU
		{5F5620ED-DF98-4B62-B3F8-D5074223CE25}.Release|Any CPU.Build.0 = Release|Any CPU
	EndGlobalSection
	GlobalSection(SolutionProperties) = preSolution
		HideSolutionNode = FALSE
	EndGlobalSection
	GlobalSection(ExtensibilityGlobals) = postSolution
		SolutionGuid = {6CB8AFBD-9965-4591-A1C7-FD001258E529}
	EndGlobalSection
EndGlobal
